
Microsoft Visual Studio Solution File, Format Version 12.00
# Visual Studio Version 16
VisualStudioVersion = 16.0.31624.102
MinimumVisualStudioVersion = 10.0.40219.1
Project("{9A19103F-16F7-4668-BE54-9A1E7A4F7556}") = "Wall-E", "Wall-E\Wall-E.csproj", "{77ADF79F-E074-447C-BB16-31476B6BA75E}"
EndProject
Project("{FAE04EC0-301F-11D3-BF4B-00C04F79EFBC}") = "Wall-EUnitTests", "Wall-EUnitTests\Wall-EUnitTests.csproj", "{3A54C187-2D56-4690-A460-85039D19F73C}"
EndProject
Global
	GlobalSection(SolutionConfigurationPlatforms) = preSolution
		Debug|Any CPU = Debug|Any CPU
		Release|Any CPU = Release|Any CPU
	EndGlobalSection
	GlobalSection(ProjectConfigurationPlatforms) = postSolution
		{77ADF79F-E074-447C-BB16-31476B6BA75E}.Debug|Any CPU.ActiveCfg = Debug|Any CPU
		{77ADF79F-E074-447C-BB16-31476B6BA75E}.Debug|Any CPU.Build.0 = Debug|Any CPU
		{77ADF79F-E074-447C-BB16-31476B6BA75E}.Release|Any CPU.ActiveCfg = Release|Any CPU
		{77ADF79F-E074-447C-BB16-31476B6BA75E}.Release|Any CPU.Build.0 = Release|Any CPU
		{3A54C187-2D56-4690-A460-85039D19F73C}.Debug|Any CPU.ActiveCfg = Debug|Any CPU
		{3A54C187-2D56-4690-A460-85039D19F73C}.Debug|Any CPU.Build.0 = Debug|Any CPU
		{3A54C187-2D56-4690-A460-85039D19F73C}.Release|Any CPU.ActiveCfg = Release|Any CPU
		{3A54C187-2D56-4690-A460-85039D19F73C}.Release|Any CPU.Build.0 = Release|Any CPU
	EndGlobalSection
	GlobalSection(SolutionProperties) = preSolution
		HideSolutionNode = FALSE
	EndGlobalSection
	GlobalSection(ExtensibilityGlobals) = postSolution
		SolutionGuid = {C3FD2785-C664-48AA-9CB4-46BFA309ECC9}
	EndGlobalSection
EndGlobal
